
Microsoft Visual Studio Solution File, Format Version 12.00
# Visual Studio Version 17
VisualStudioVersion = 17.0.31903.59
MinimumVisualStudioVersion = 10.0.40219.1
Project("{2150E333-8FDC-42A3-9474-1A3956D46DE8}") = "src", "src", "{827E0CD3-B72D-47B6-A68D-7590B98EB39B}"
EndProject
Project("{FAE04EC0-301F-11D3-BF4B-00C04F79EFBC}") = "Inventory.Domain", "src\Inventory.Domain\Inventory.Domain.csproj", "{8D5FA0EF-C5DA-4B25-905A-2FD1D42A07CD}"
EndProject
Project("{FAE04EC0-301F-11D3-BF4B-00C04F79EFBC}") = "Inventory.Application", "src\Inventory.Application\Inventory.Application.csproj", "{3F0C27D0-E996-4863-9BEB-43B1AA738A8F}"
EndProject
Project("{FAE04EC0-301F-11D3-BF4B-00C04F79EFBC}") = "Inventory.Infrastructure", "src\Inventory.Infrastructure\Inventory.Infrastructure.csproj", "{0D01744E-90D0-4974-8D1E-6A4272F4DFDA}"
EndProject
Project("{FAE04EC0-301F-11D3-BF4B-00C04F79EFBC}") = "Inventory.API", "src\Inventory.API\Inventory.API.csproj", "{23BDC7E5-5B99-48A4-A34B-8F2CF27B2A32}"
EndProject
Project("{2150E333-8FDC-42A3-9474-1A3956D46DE8}") = "tests", "tests", "{0AB3BF05-4346-4AA6-1389-037BE0695223}"
EndProject
Project("{FAE04EC0-301F-11D3-BF4B-00C04F79EFBC}") = "Inventory.Domain.UnitTests", "tests\Inventory.Domain.UnitTests\Inventory.Domain.UnitTests.csproj", "{59ECA864-EA4A-432E-8F40-4EB75FFD9268}"
EndProject
Global
	GlobalSection(SolutionConfigurationPlatforms) = preSolution
		Debug|Any CPU = Debug|Any CPU
		Debug|x64 = Debug|x64
		Debug|x86 = Debug|x86
		Release|Any CPU = Release|Any CPU
		Release|x64 = Release|x64
		Release|x86 = Release|x86
	EndGlobalSection
	GlobalSection(ProjectConfigurationPlatforms) = postSolution
		{8D5FA0EF-C5DA-4B25-905A-2FD1D42A07CD}.Debug|Any CPU.ActiveCfg = Debug|Any CPU
		{8D5FA0EF-C5DA-4B25-905A-2FD1D42A07CD}.Debug|Any CPU.Build.0 = Debug|Any CPU
		{8D5FA0EF-C5DA-4B25-905A-2FD1D42A07CD}.Debug|x64.ActiveCfg = Debug|Any CPU
		{8D5FA0EF-C5DA-4B25-905A-2FD1D42A07CD}.Debug|x64.Build.0 = Debug|Any CPU
		{8D5FA0EF-C5DA-4B25-905A-2FD1D42A07CD}.Debug|x86.ActiveCfg = Debug|Any CPU
		{8D5FA0EF-C5DA-4B25-905A-2FD1D42A07CD}.Debug|x86.Build.0 = Debug|Any CPU
		{8D5FA0EF-C5DA-4B25-905A-2FD1D42A07CD}.Release|Any CPU.ActiveCfg = Release|Any CPU
		{8D5FA0EF-C5DA-4B25-905A-2FD1D42A07CD}.Release|Any CPU.Build.0 = Release|Any CPU
		{8D5FA0EF-C5DA-4B25-905A-2FD1D42A07CD}.Release|x64.ActiveCfg = Release|Any CPU
		{8D5FA0EF-C5DA-4B25-905A-2FD1D42A07CD}.Release|x64.Build.0 = Release|Any CPU
		{8D5FA0EF-C5DA-4B25-905A-2FD1D42A07CD}.Release|x86.ActiveCfg = Release|Any CPU
		{8D5FA0EF-C5DA-4B25-905A-2FD1D42A07CD}.Release|x86.Build.0 = Release|Any CPU
		{3F0C27D0-E996-4863-9BEB-43B1AA738A8F}.Debug|Any CPU.ActiveCfg = Debug|Any CPU
		{3F0C27D0-E996-4863-9BEB-43B1AA738A8F}.Debug|Any CPU.Build.0 = Debug|Any CPU
		{3F0C27D0-E996-4863-9BEB-43B1AA738A8F}.Debug|x64.ActiveCfg = Debug|Any CPU
		{3F0C27D0-E996-4863-9BEB-43B1AA738A8F}.Debug|x64.Build.0 = Debug|Any CPU
		{3F0C27D0-E996-4863-9BEB-43B1AA738A8F}.Debug|x86.ActiveCfg = Debug|Any CPU
		{3F0C27D0-E996-4863-9BEB-43B1AA738A8F}.Debug|x86.Build.0 = Debug|Any CPU
		{3F0C27D0-E996-4863-9BEB-43B1AA738A8F}.Release|Any CPU.ActiveCfg = Release|Any CPU
		{3F0C27D0-E996-4863-9BEB-43B1AA738A8F}.Release|Any CPU.Build.0 = Release|Any CPU
		{3F0C27D0-E996-4863-9BEB-43B1AA738A8F}.Release|x64.ActiveCfg = Release|Any CPU
		{3F0C27D0-E996-4863-9BEB-43B1AA738A8F}.Release|x64.Build.0 = Release|Any CPU
		{3F0C27D0-E996-4863-9BEB-43B1AA738A8F}.Release|x86.ActiveCfg = Release|Any CPU
		{3F0C27D0-E996-4863-9BEB-43B1AA738A8F}.Release|x86.Build.0 = Release|Any CPU
		{0D01744E-90D0-4974-8D1E-6A4272F4DFDA}.Debug|Any CPU.ActiveCfg = Debug|Any CPU
		{0D01744E-90D0-4974-8D1E-6A4272F4DFDA}.Debug|Any CPU.Build.0 = Debug|Any CPU
		{0D01744E-90D0-4974-8D1E-6A4272F4DFDA}.Debug|x64.ActiveCfg = Debug|Any CPU
		{0D01744E-90D0-4974-8D1E-6A4272F4DFDA}.Debug|x64.Build.0 = Debug|Any CPU
		{0D01744E-90D0-4974-8D1E-6A4272F4DFDA}.Debug|x86.ActiveCfg = Debug|Any CPU
		{0D01744E-90D0-4974-8D1E-6A4272F4DFDA}.Debug|x86.Build.0 = Debug|Any CPU
		{0D01744E-90D0-4974-8D1E-6A4272F4DFDA}.Release|Any CPU.ActiveCfg = Release|Any CPU
		{0D01744E-90D0-4974-8D1E-6A4272F4DFDA}.Release|Any CPU.Build.0 = Release|Any CPU
		{0D01744E-90D0-4974-8D1E-6A4272F4DFDA}.Release|x64.ActiveCfg = Release|Any CPU
		{0D01744E-90D0-4974-8D1E-6A4272F4DFDA}.Release|x64.Build.0 = Release|Any CPU
		{0D01744E-90D0-4974-8D1E-6A4272F4DFDA}.Release|x86.ActiveCfg = Release|Any CPU
		{0D01744E-90D0-4974-8D1E-6A4272F4DFDA}.Release|x86.Build.0 = Release|Any CPU
		{23BDC7E5-5B99-48A4-A34B-8F2CF27B2A32}.Debug|Any CPU.ActiveCfg = Debug|Any CPU
		{23BDC7E5-5B99-48A4-A34B-8F2CF27B2A32}.Debug|Any CPU.Build.0 = Debug|Any CPU
		{23BDC7E5-5B99-48A4-A34B-8F2CF27B2A32}.Debug|x64.ActiveCfg = Debug|Any CPU
		{23BDC7E5-5B99-48A4-A34B-8F2CF27B2A32}.Debug|x64.Build.0 = Debug|Any CPU
		{23BDC7E5-5B99-48A4-A34B-8F2CF27B2A32}.Debug|x86.ActiveCfg = Debug|Any CPU
		{23BDC7E5-5B99-48A4-A34B-8F2CF27B2A32}.Debug|x86.Build.0 = Debug|Any CPU
		{23BDC7E5-5B99-48A4-A34B-8F2CF27B2A32}.Release|Any CPU.ActiveCfg = Release|Any CPU
		{23BDC7E5-5B99-48A4-A34B-8F2CF27B2A32}.Release|Any CPU.Build.0 = Release|Any CPU
		{23BDC7E5-5B99-48A4-A34B-8F2CF27B2A32}.Release|x64.ActiveCfg = Release|Any CPU
		{23BDC7E5-5B99-48A4-A34B-8F2CF27B2A32}.Release|x64.Build.0 = Release|Any CPU
		{23BDC7E5-5B99-48A4-A34B-8F2CF27B2A32}.Release|x86.ActiveCfg = Release|Any CPU
		{23BDC7E5-5B99-48A4-A34B-8F2CF27B2A32}.Release|x86.Build.0 = Release|Any CPU
		{59ECA864-EA4A-432E-8F40-4EB75FFD9268}.Debug|Any CPU.ActiveCfg = Debug|Any CPU
		{59ECA864-EA4A-432E-8F40-4EB75FFD9268}.Debug|Any CPU.Build.0 = Debug|Any CPU
		{59ECA864-EA4A-432E-8F40-4EB75FFD9268}.Debug|x64.ActiveCfg = Debug|Any CPU
		{59ECA864-EA4A-432E-8F40-4EB75FFD9268}.Debug|x64.Build.0 = Debug|Any CPU
		{59ECA864-EA4A-432E-8F40-4EB75FFD9268}.Debug|x86.ActiveCfg = Debug|Any CPU
		{59ECA864-EA4A-432E-8F40-4EB75FFD9268}.Debug|x86.Build.0 = Debug|Any CPU
		{59ECA864-EA4A-432E-8F40-4EB75FFD9268}.Release|Any CPU.ActiveCfg = Release|Any CPU
		{59ECA864-EA4A-432E-8F40-4EB75FFD9268}.Release|Any CPU.Build.0 = Release|Any CPU
		{59ECA864-EA4A-432E-8F40-4EB75FFD9268}.Release|x64.ActiveCfg = Release|Any CPU
		{59ECA864-EA4A-432E-8F40-4EB75FFD9268}.Release|x64.Build.0 = Release|Any CPU
		{59ECA864-EA4A-432E-8F40-4EB75FFD9268}.Release|x86.ActiveCfg = Release|Any CPU
		{59ECA864-EA4A-432E-8F40-4EB75FFD9268}.Release|x86.Build.0 = Release|Any CPU
	EndGlobalSection
	GlobalSection(SolutionProperties) = preSolution
		HideSolutionNode = FALSE
	EndGlobalSection
	GlobalSection(NestedProjects) = preSolution
		{8D5FA0EF-C5DA-4B25-905A-2FD1D42A07CD} = {827E0CD3-B72D-47B6-A68D-7590B98EB39B}
		{3F0C27D0-E996-4863-9BEB-43B1AA738A8F} = {827E0CD3-B72D-47B6-A68D-7590B98EB39B}
		{0D01744E-90D0-4974-8D1E-6A4272F4DFDA} = {827E0CD3-B72D-47B6-A68D-7590B98EB39B}
		{23BDC7E5-5B99-48A4-A34B-8F2CF27B2A32} = {827E0CD3-B72D-47B6-A68D-7590B98EB39B}
		{59ECA864-EA4A-432E-8F40-4EB75FFD9268} = {0AB3BF05-4346-4AA6-1389-037BE0695223}
	EndGlobalSection
EndGlobal
